// !$*UTF8*$!
{
	archiveVersion = 1;
	classes = {
	};
	objectVersion = 46;
	objects = {
		F7FE99EEA0B34ACB98F2120B = {
			isa = PBXBuildFile;
			fileRef = 7733C740A259BFF53A9889A1;
		};
		14787EA534B609F83207A6D0 = {
			isa = PBXBuildFile;
			fileRef = 0018E871B095A71EA3AAE1C7;
		};
		D67CB4219D0A6AEEE15AD81F = {
			isa = PBXBuildFile;
			fileRef = 603D41F3F381433F4A680D0B;
		};
		02E96879988EDBE56215B1CD = {
			isa = PBXBuildFile;
			fileRef = 0A7644CF67E8F2630E81260E;
		};
		202FAEEF5606506D734C05BE = {
			isa = PBXBuildFile;
			fileRef = C6AFDCD3FEBD39D2DED549EF;
		};
		A945A8C5E7E02730E195C86F = {
			isa = PBXBuildFile;
			fileRef = 4D327D638799AB87A5CC7AD6;
		};
		5458C15F56233FEEE470C9BF = {
			isa = PBXBuildFile;
			fileRef = 376C0E8EE09C4D672843D885;
		};
		5A32CD87671716774D886560 = {
			isa = PBXBuildFile;
			fileRef = 71FA3E23B98FFA459A6A4165;
		};
		5E266B49B8B846D11EE94810 = {
			isa = PBXBuildFile;
			fileRef = 39E60999A8D1C7330744ED94;
		};
		90CC4E367755D0A077BC61A3 = {
			isa = PBXBuildFile;
			fileRef = 964470A387153BA70DA4941C;
		};
		70EC41945AC2F082EA78F178 = {
			isa = PBXBuildFile;
			fileRef = 9514903C403844A18A7BEDDE;
		};
		7B99BC4396D33DF2B9BFBEE2 = {
			isa = PBXBuildFile;
			fileRef = 36C13F64F8CC20587057502C;
		};
		21822DB79A8D3745CE8FE48E = {
			isa = PBXBuildFile;
			fileRef = 190C6CB2ECF6DEECEC2887C8;
		};
		404F31B6BB45969E9149238F = {
			isa = PBXBuildFile;
			fileRef = B975AAC64EE0B1A8DC7E24D6;
		};
		C67EF921CD491E279B01A851 = {
			isa = PBXBuildFile;
			fileRef = 6C4B7E035348AE2867296B35;
		};
		F8D113335DAEEA0E3A1157E2 = {
			isa = PBXBuildFile;
			fileRef = B7DA2E5E4CF7A322F2619AAE;
		};
		A39D4F6E9CA164C367D3F87F = {
			isa = PBXBuildFile;
			fileRef = B9B971AFC279E535DB2E826C;
		};
		6BE04217B68041728A7A3331 = {
			isa = PBXBuildFile;
			fileRef = D8ABD2422A29DF717295AA3F;
		};
		8D346255C498547631021FC6 = {
			isa = PBXBuildFile;
			fileRef = 612DB76779830023813E2DEC;
		};
		C12EC3D017CF459D553090CB = {
			isa = PBXBuildFile;
			fileRef = 7C980012D53CDD490D1FCDE0;
		};
		8F2247C19B6F093F90B863E3 = {
			isa = PBXBuildFile;
			fileRef = F6101EBB80D72E6F4BC3299E;
		};
		EFB8349605CC79DF2E56838F = {
			isa = PBXBuildFile;
			fileRef = 60E6DD3732F0F49FA34EED54;
		};
		43C0AAAC7C4CEBEF344CA9D7 = {
			isa = PBXBuildFile;
			fileRef = E2D808C5576EFD1F00DBF7F1;
		};
		5BACF8D44FAFCCBF562EDF5C = {
			isa = PBXBuildFile;
			fileRef = EC06C11AA16D0231324E585E;
		};
		241634D345D3FCE19AF5B23C = {
			isa = PBXBuildFile;
			fileRef = 482974A5BE4126BC1C6BB69C;
		};
		DEE5BA2D293D778CBCBDD9E2 = {
			isa = PBXBuildFile;
			fileRef = A2096C016434D313827A7B51;
		};
		CBEC97078F332812CBF7EB3F = {
			isa = PBXBuildFile;
			fileRef = 53653144696D37E1F1642227;
		};
		290795246EEFABF513965E13 = {
			isa = PBXBuildFile;
			fileRef = DEB5D2B3B929DEA895042AB2;
		};
		F25F2A31E869F5EEA35BBF2C = {
			isa = PBXBuildFile;
			fileRef = 2674E623CFDF84E326474EE2;
		};
		0018E871B095A71EA3AAE1C7 = {
			isa = PBXFileReference;
			lastKnownFileType = wrapper.framework;
			name = Accelerate.framework;
			path = System/Library/Frameworks/Accelerate.framework;
			sourceTree = SDKROOT;
		};
		00A0EBCAE8FFFB66662CA3EB = {
			isa = PBXFileReference;
			lastKnownFileType = file;
			name = "juce_cryptography";
			path = "/Applications/JUCE/modules/juce_cryptography";
			sourceTree = "<absolute>";
		};
		0A7644CF67E8F2630E81260E = {
			isa = PBXFileReference;
			lastKnownFileType = wrapper.framework;
			name = Carbon.framework;
			path = System/Library/Frameworks/Carbon.framework;
			sourceTree = SDKROOT;
		};
		129BDE1600E419BED28FDBD0 = {
			isa = PBXFileReference;
			lastKnownFileType = sourcecode.c.h;
			name = MidiGenerator.h;
			path = ../../Source/MidiGenerator.h;
			sourceTree = "SOURCE_ROOT";
		};
		190C6CB2ECF6DEECEC2887C8 = {
			isa = PBXFileReference;
			lastKnownFileType = wrapper.framework;
			name = WebKit.framework;
			path = System/Library/Frameworks/WebKit.framework;
			sourceTree = SDKROOT;
		};
		20B5B1E22A9CBB8081037E8E = {
			isa = PBXFileReference;
			lastKnownFileType = file;
			name = "juce_events";
			path = "/Applications/JUCE/modules/juce_events";
			sourceTree = "<absolute>";
		};
		2674E623CFDF84E326474EE2 = {
			isa = PBXFileReference;
			lastKnownFileType = sourcecode.cpp.objcpp;
			name = "include_juce_opengl.mm";
			path = "../../JuceLibraryCode/include_juce_opengl.mm";
			sourceTree = "SOURCE_ROOT";
		};
		2E0DF58A4FAC080115588BF5 = {
			isa = PBXFileReference;
			lastKnownFileType = file;
			name = "juce_graphics";
			path = "/Applications/JUCE/modules/juce_graphics";
			sourceTree = "<absolute>";
		};
		31B6D50AB20D635144A9FD5A = {
			isa = PBXFileReference;
			lastKnownFileType = file;
			name = "juce_audio_formats";
			path = "/Applications/JUCE/modules/juce_audio_formats";
			sourceTree = "<absolute>";
		};
		32D89AB3E1CDA1837C4C3581 = {
			isa = PBXFileReference;
			lastKnownFileType = sourcecode.c.h;
			name = Synth.h;
			path = ../../Source/Synth.h;
			sourceTree = "SOURCE_ROOT";
		};
		36C13F64F8CC20587057502C = {
			isa = PBXFileReference;
			lastKnownFileType = wrapper.framework;
			name = QuartzCore.framework;
			path = System/Library/Frameworks/QuartzCore.framework;
			sourceTree = SDKROOT;
		};
		376C0E8EE09C4D672843D885 = {
			isa = PBXFileReference;
			lastKnownFileType = wrapper.framework;
			name = CoreAudioKit.framework;
			path = System/Library/Frameworks/CoreAudioKit.framework;
			sourceTree = SDKROOT;
		};
		39E60999A8D1C7330744ED94 = {
			isa = PBXFileReference;
			lastKnownFileType = wrapper.framework;
			name = DiscRecording.framework;
			path = System/Library/Frameworks/DiscRecording.framework;
			sourceTree = SDKROOT;
		};
		4123585F1F204E4FCC98525A = {
			isa = PBXFileReference;
			lastKnownFileType = sourcecode.c.h;
			name = JuceHeader.h;
			path = ../../JuceLibraryCode/JuceHeader.h;
			sourceTree = "SOURCE_ROOT";
		};
		482974A5BE4126BC1C6BB69C = {
			isa = PBXFileReference;
			lastKnownFileType = sourcecode.cpp.objcpp;
			name = "include_juce_events.mm";
			path = "../../JuceLibraryCode/include_juce_events.mm";
			sourceTree = "SOURCE_ROOT";
		};
		4D327D638799AB87A5CC7AD6 = {
			isa = PBXFileReference;
			lastKnownFileType = wrapper.framework;
			name = CoreAudio.framework;
			path = System/Library/Frameworks/CoreAudio.framework;
			sourceTree = SDKROOT;
		};
		520BB9D3FAC41C58227A829E = {
			isa = PBXFileReference;
			lastKnownFileType = sourcecode.c.h;
			name = AppConfig.h;
			path = ../../JuceLibraryCode/AppConfig.h;
			sourceTree = "SOURCE_ROOT";
		};
		53653144696D37E1F1642227 = {
			isa = PBXFileReference;
			lastKnownFileType = sourcecode.cpp.objcpp;
			name = "include_juce_gui_basics.mm";
			path = "../../JuceLibraryCode/include_juce_gui_basics.mm";
			sourceTree = "SOURCE_ROOT";
		};
		57DC495F03568B6295793D87 = {
			isa = PBXFileReference;
			lastKnownFileType = file;
			name = "juce_data_structures";
			path = "/Applications/JUCE/modules/juce_data_structures";
			sourceTree = "<absolute>";
		};
		603D41F3F381433F4A680D0B = {
			isa = PBXFileReference;
			lastKnownFileType = wrapper.framework;
			name = AudioToolbox.framework;
			path = System/Library/Frameworks/AudioToolbox.framework;
			sourceTree = SDKROOT;
		};
		60E6DD3732F0F49FA34EED54 = {
			isa = PBXFileReference;
			lastKnownFileType = sourcecode.cpp.objcpp;
			name = "include_juce_core.mm";
			path = "../../JuceLibraryCode/include_juce_core.mm";
			sourceTree = "SOURCE_ROOT";
		};
		612DB76779830023813E2DEC = {
			isa = PBXFileReference;
			lastKnownFileType = sourcecode.cpp.objcpp;
			name = "include_juce_audio_formats.mm";
			path = "../../JuceLibraryCode/include_juce_audio_formats.mm";
			sourceTree = "SOURCE_ROOT";
		};
		6C4B7E035348AE2867296B35 = {
			isa = PBXFileReference;
			lastKnownFileType = sourcecode.cpp.cpp;
			name = MainComponent.cpp;
			path = ../../Source/MainComponent.cpp;
			sourceTree = "SOURCE_ROOT";
		};
		6F6C9B003EA03401D764281F = {
			isa = PBXFileReference;
			lastKnownFileType = file;
			name = "juce_audio_devices";
			path = "/Applications/JUCE/modules/juce_audio_devices";
			sourceTree = "<absolute>";
		};
		71FA3E23B98FFA459A6A4165 = {
			isa = PBXFileReference;
			lastKnownFileType = wrapper.framework;
			name = CoreMIDI.framework;
			path = System/Library/Frameworks/CoreMIDI.framework;
			sourceTree = SDKROOT;
		};
		7733C740A259BFF53A9889A1 = {
			isa = PBXFileReference;
			explicitFileType = wrapper.application;
			includeInIndex = 0;
			path = GregTrainer.app;
			sourceTree = "BUILT_PRODUCTS_DIR";
		};
		7C5459042E567FFEFEEEB84C = {
			isa = PBXFileReference;
			lastKnownFileType = sourcecode.c.h;
			name = MainComponent.h;
			path = ../../Source/MainComponent.h;
			sourceTree = "SOURCE_ROOT";
		};
		7C980012D53CDD490D1FCDE0 = {
			isa = PBXFileReference;
			lastKnownFileType = sourcecode.cpp.objcpp;
			name = "include_juce_audio_processors.mm";
			path = "../../JuceLibraryCode/include_juce_audio_processors.mm";
			sourceTree = "SOURCE_ROOT";
		};
		8B9808DD8E8C0FBC44FFA11D = {
			isa = PBXFileReference;
			lastKnownFileType = file;
			name = "juce_audio_utils";
			path = "/Applications/JUCE/modules/juce_audio_utils";
			sourceTree = "<absolute>";
		};
		9514903C403844A18A7BEDDE = {
			isa = PBXFileReference;
			lastKnownFileType = wrapper.framework;
			name = OpenGL.framework;
			path = System/Library/Frameworks/OpenGL.framework;
			sourceTree = SDKROOT;
		};
		964470A387153BA70DA4941C = {
			isa = PBXFileReference;
			lastKnownFileType = wrapper.framework;
			name = IOKit.framework;
			path = System/Library/Frameworks/IOKit.framework;
			sourceTree = SDKROOT;
		};
		A2096C016434D313827A7B51 = {
			isa = PBXFileReference;
			lastKnownFileType = sourcecode.cpp.objcpp;
			name = "include_juce_graphics.mm";
			path = "../../JuceLibraryCode/include_juce_graphics.mm";
			sourceTree = "SOURCE_ROOT";
		};
		A3B373E68B7A6EBC019C2ACE = {
			isa = PBXFileReference;
			lastKnownFileType = file;
			name = "juce_audio_processors";
			path = "/Applications/JUCE/modules/juce_audio_processors";
			sourceTree = "<absolute>";
		};
		AA32A647C5F3015A169897EF = {
			isa = PBXFileReference;
			lastKnownFileType = file;
			name = "juce_gui_basics";
			path = "/Applications/JUCE/modules/juce_gui_basics";
			sourceTree = "<absolute>";
		};
		B41251F0F40FC083BEBF0059 = {
			isa = PBXFileReference;
			lastKnownFileType = sourcecode.c.h;
			name = GridDisplay.h;
			path = ../../Source/GridDisplay.h;
			sourceTree = "SOURCE_ROOT";
		};
		B7DA2E5E4CF7A322F2619AAE = {
			isa = PBXFileReference;
			lastKnownFileType = sourcecode.cpp.cpp;
			name = Main.cpp;
			path = ../../Source/Main.cpp;
			sourceTree = "SOURCE_ROOT";
		};
		B975AAC64EE0B1A8DC7E24D6 = {
			isa = PBXFileReference;
			lastKnownFileType = file.nib;
			name = RecentFilesMenuTemplate.nib;
			path = RecentFilesMenuTemplate.nib;
			sourceTree = "SOURCE_ROOT";
		};
		B9B971AFC279E535DB2E826C = {
			isa = PBXFileReference;
			lastKnownFileType = sourcecode.cpp.objcpp;
			name = "include_juce_audio_basics.mm";
			path = "../../JuceLibraryCode/include_juce_audio_basics.mm";
			sourceTree = "SOURCE_ROOT";
		};
		BE9D1C2DDDC26AD625A2BAE3 = {
			isa = PBXFileReference;
			lastKnownFileType = sourcecode.c.h;
			name = TrainerAudioSource.h;
			path = ../../Source/TrainerAudioSource.h;
			sourceTree = "SOURCE_ROOT";
		};
		C4446A7BE8D3518C3D6672B6 = {
			isa = PBXFileReference;
			lastKnownFileType = text.plist.xml;
			name = "Info-App.plist";
			path = "Info-App.plist";
			sourceTree = "SOURCE_ROOT";
		};
		C6AFDCD3FEBD39D2DED549EF = {
			isa = PBXFileReference;
			lastKnownFileType = wrapper.framework;
			name = Cocoa.framework;
			path = System/Library/Frameworks/Cocoa.framework;
			sourceTree = SDKROOT;
		};
		D78A79018060B00F2CCCE839 = {
			isa = PBXFileReference;
			lastKnownFileType = file;
			name = "juce_core";
			path = "/Applications/JUCE/modules/juce_core";
			sourceTree = "<absolute>";
		};
		D8ABD2422A29DF717295AA3F = {
			isa = PBXFileReference;
			lastKnownFileType = sourcecode.cpp.objcpp;
			name = "include_juce_audio_devices.mm";
			path = "../../JuceLibraryCode/include_juce_audio_devices.mm";
			sourceTree = "SOURCE_ROOT";
		};
		D8FC5F096C0B7B04E732DB09 = {
			isa = PBXFileReference;
			lastKnownFileType = file;
			name = "juce_audio_basics";
			path = "/Applications/JUCE/modules/juce_audio_basics";
			sourceTree = "<absolute>";
		};
		DEB5D2B3B929DEA895042AB2 = {
			isa = PBXFileReference;
			lastKnownFileType = sourcecode.cpp.objcpp;
			name = "include_juce_gui_extra.mm";
			path = "../../JuceLibraryCode/include_juce_gui_extra.mm";
			sourceTree = "SOURCE_ROOT";
		};
		E0F6967C993EB672CD3C7E35 = {
			isa = PBXFileReference;
			lastKnownFileType = sourcecode.c.h;
			name = Utility.h;
			path = ../../Source/Utility.h;
			sourceTree = "SOURCE_ROOT";
		};
		E2D808C5576EFD1F00DBF7F1 = {
			isa = PBXFileReference;
			lastKnownFileType = sourcecode.cpp.objcpp;
			name = "include_juce_cryptography.mm";
			path = "../../JuceLibraryCode/include_juce_cryptography.mm";
			sourceTree = "SOURCE_ROOT";
		};
		EA2AEFF0D26F9875DD3C0604 = {
			isa = PBXFileReference;
			lastKnownFileType = file;
			name = "juce_gui_extra";
			path = "/Applications/JUCE/modules/juce_gui_extra";
			sourceTree = "<absolute>";
		};
		EC06C11AA16D0231324E585E = {
			isa = PBXFileReference;
			lastKnownFileType = sourcecode.cpp.objcpp;
			name = "include_juce_data_structures.mm";
			path = "../../JuceLibraryCode/include_juce_data_structures.mm";
			sourceTree = "SOURCE_ROOT";
		};
		F274CD14D89B53E2D43C75B4 = {
			isa = PBXFileReference;
			lastKnownFileType = file;
			name = "juce_opengl";
			path = "/Applications/JUCE/modules/juce_opengl";
			sourceTree = "<absolute>";
		};
		F6101EBB80D72E6F4BC3299E = {
			isa = PBXFileReference;
			lastKnownFileType = sourcecode.cpp.objcpp;
			name = "include_juce_audio_utils.mm";
			path = "../../JuceLibraryCode/include_juce_audio_utils.mm";
			sourceTree = "SOURCE_ROOT";
		};
		6F76ADA74C13F13D005CD7F7 = {
			isa = PBXGroup;
			children = (
				E0F6967C993EB672CD3C7E35,
				BE9D1C2DDDC26AD625A2BAE3,
				129BDE1600E419BED28FDBD0,
				32D89AB3E1CDA1837C4C3581,
				B41251F0F40FC083BEBF0059,
				7C5459042E567FFEFEEEB84C,
				6C4B7E035348AE2867296B35,
				B7DA2E5E4CF7A322F2619AAE,
			);
			name = Source;
			sourceTree = "<group>";
		};
		C96185E89AC80DDB5668AE22 = {
			isa = PBXGroup;
			children = (
				6F76ADA74C13F13D005CD7F7,
			);
			name = GregTrainer;
			sourceTree = "<group>";
		};
		0D4414339A04AD1B6699B06A = {
			isa = PBXGroup;
			children = (
				D8FC5F096C0B7B04E732DB09,
				6F6C9B003EA03401D764281F,
				31B6D50AB20D635144A9FD5A,
				A3B373E68B7A6EBC019C2ACE,
				8B9808DD8E8C0FBC44FFA11D,
				D78A79018060B00F2CCCE839,
				00A0EBCAE8FFFB66662CA3EB,
				57DC495F03568B6295793D87,
				20B5B1E22A9CBB8081037E8E,
				2E0DF58A4FAC080115588BF5,
				AA32A647C5F3015A169897EF,
				EA2AEFF0D26F9875DD3C0604,
				F274CD14D89B53E2D43C75B4,
			);
			name = "JUCE Modules";
			sourceTree = "<group>";
		};
		CF68F0D474DEA130B389BCB2 = {
			isa = PBXGroup;
			children = (
				520BB9D3FAC41C58227A829E,
				B9B971AFC279E535DB2E826C,
				D8ABD2422A29DF717295AA3F,
				612DB76779830023813E2DEC,
				7C980012D53CDD490D1FCDE0,
				F6101EBB80D72E6F4BC3299E,
				60E6DD3732F0F49FA34EED54,
				E2D808C5576EFD1F00DBF7F1,
				EC06C11AA16D0231324E585E,
				482974A5BE4126BC1C6BB69C,
				A2096C016434D313827A7B51,
				53653144696D37E1F1642227,
				DEB5D2B3B929DEA895042AB2,
				2674E623CFDF84E326474EE2,
				4123585F1F204E4FCC98525A,
			);
			name = "JUCE Library Code";
			sourceTree = "<group>";
		};
		09E1F60C44DE5B186BFEFA5B = {
			isa = PBXGroup;
			children = (
				C4446A7BE8D3518C3D6672B6,
				B975AAC64EE0B1A8DC7E24D6,
			);
			name = Resources;
			sourceTree = "<group>";
		};
		89F0AC069180AC5A57696227 = {
			isa = PBXGroup;
			children = (
				0018E871B095A71EA3AAE1C7,
				603D41F3F381433F4A680D0B,
				0A7644CF67E8F2630E81260E,
				C6AFDCD3FEBD39D2DED549EF,
				4D327D638799AB87A5CC7AD6,
				376C0E8EE09C4D672843D885,
				71FA3E23B98FFA459A6A4165,
				39E60999A8D1C7330744ED94,
				964470A387153BA70DA4941C,
				9514903C403844A18A7BEDDE,
				36C13F64F8CC20587057502C,
				190C6CB2ECF6DEECEC2887C8,
			);
			name = Frameworks;
			sourceTree = "<group>";
		};
		C4FB5907728AB9231A3AA458 = {
			isa = PBXGroup;
			children = (
				7733C740A259BFF53A9889A1,
			);
			name = Products;
			sourceTree = "<group>";
		};
		0ADA1F2564E26AABBE6F37AE = {
			isa = PBXGroup;
			children = (
				C96185E89AC80DDB5668AE22,
				0D4414339A04AD1B6699B06A,
				CF68F0D474DEA130B389BCB2,
				09E1F60C44DE5B186BFEFA5B,
				89F0AC069180AC5A57696227,
				C4FB5907728AB9231A3AA458,
			);
			name = Source;
			sourceTree = "<group>";
		};
		4F06361CEA44432699FD60F5 = {
			isa = XCBuildConfiguration;
			buildSettings = {
				CLANG_CXX_LANGUAGE_STANDARD = "c++17";
				CLANG_CXX_LIBRARY = "libc++";
				CLANG_LINK_OBJC_RUNTIME = NO;
				COMBINE_HIDPI_IMAGES = YES;
				CONFIGURATION_BUILD_DIR = "$(PROJECT_DIR)/build/$(CONFIGURATION)";
				COPY_PHASE_STRIP = NO;
				GCC_DYNAMIC_NO_PIC = NO;
				GCC_OPTIMIZATION_LEVEL = 0;
				GCC_PREPROCESSOR_DEFINITIONS = (
					"_DEBUG=1",
					"DEBUG=1",
					"JUCER_XCODE_MAC_F6D2F4CF=1",
					"JUCE_APP_VERSION=1.0.0",
					"JUCE_APP_VERSION_HEX=0x10000",
					"JucePlugin_Build_VST=0",
					"JucePlugin_Build_VST3=0",
					"JucePlugin_Build_AU=0",
					"JucePlugin_Build_AUv3=0",
					"JucePlugin_Build_RTAS=0",
					"JucePlugin_Build_AAX=0",
					"JucePlugin_Build_Standalone=0",
					"JucePlugin_Build_Unity=0",
				);
				GCC_VERSION = com.apple.compilers.llvm.clang.1_0;
				HEADER_SEARCH_PATHS = (
					"../../JuceLibraryCode",
					"/Applications/JUCE/modules",
					"$(inherited)",
				);
				INFOPLIST_FILE = Info-App.plist;
				INFOPLIST_PREPROCESS = NO;
				INSTALL_PATH = "$(HOME)/Applications";
				MACOSX_DEPLOYMENT_TARGET = 10.11;
				PRODUCT_BUNDLE_IDENTIFIER = com.yourcompany.GregTrainer;
				PRODUCT_NAME = "GregTrainer";
				USE_HEADERMAP = NO;
			};
			name = Debug;
		};
		5EF9A2601C2C103DAEFD3923 = {
			isa = XCBuildConfiguration;
			buildSettings = {
				CLANG_CXX_LANGUAGE_STANDARD = "c++17";
				CLANG_CXX_LIBRARY = "libc++";
				CLANG_LINK_OBJC_RUNTIME = NO;
				COMBINE_HIDPI_IMAGES = YES;
				CONFIGURATION_BUILD_DIR = "$(PROJECT_DIR)/build/$(CONFIGURATION)";
				DEAD_CODE_STRIPPING = YES;
				GCC_GENERATE_DEBUGGING_SYMBOLS = NO;
				GCC_OPTIMIZATION_LEVEL = 3;
				GCC_PREPROCESSOR_DEFINITIONS = (
					"_NDEBUG=1",
					"NDEBUG=1",
					"JUCER_XCODE_MAC_F6D2F4CF=1",
					"JUCE_APP_VERSION=1.0.0",
					"JUCE_APP_VERSION_HEX=0x10000",
					"JucePlugin_Build_VST=0",
					"JucePlugin_Build_VST3=0",
					"JucePlugin_Build_AU=0",
					"JucePlugin_Build_AUv3=0",
					"JucePlugin_Build_RTAS=0",
					"JucePlugin_Build_AAX=0",
					"JucePlugin_Build_Standalone=0",
					"JucePlugin_Build_Unity=0",
				);
				GCC_SYMBOLS_PRIVATE_EXTERN = YES;
				GCC_VERSION = com.apple.compilers.llvm.clang.1_0;
				HEADER_SEARCH_PATHS = (
					"../../JuceLibraryCode",
					"/Applications/JUCE/modules",
					"$(inherited)",
				);
				INFOPLIST_FILE = Info-App.plist;
				INFOPLIST_PREPROCESS = NO;
				INSTALL_PATH = "$(HOME)/Applications";
				LLVM_LTO = YES;
				MACOSX_DEPLOYMENT_TARGET = 10.11;
				PRODUCT_BUNDLE_IDENTIFIER = com.yourcompany.GregTrainer;
				PRODUCT_NAME = "GregTrainer";
				USE_HEADERMAP = NO;
			};
			name = Release;
		};
		976B74720BDCCF2C72B83682 = {
			isa = XCBuildConfiguration;
			buildSettings = {
				ALWAYS_SEARCH_USER_PATHS = NO;
				CLANG_ENABLE_OBJC_WEAK = YES;
				CLANG_WARN_BLOCK_CAPTURE_AUTORELEASING = YES;
				CLANG_WARN_BOOL_CONVERSION = YES;
				CLANG_WARN_COMMA = YES;
				CLANG_WARN_CONSTANT_CONVERSION = YES;
				CLANG_WARN_DEPRECATED_OBJC_IMPLEMENTATIONS = YES;
				CLANG_WARN_EMPTY_BODY = YES;
				CLANG_WARN_ENUM_CONVERSION = YES;
				CLANG_WARN_INFINITE_RECURSION = YES;
				CLANG_WARN_INT_CONVERSION = YES;
				CLANG_WARN_NON_LITERAL_NULL_CONVERSION = YES;
				CLANG_WARN_OBJC_IMPLICIT_RETAIN_SELF = YES;
				CLANG_WARN_OBJC_LITERAL_CONVERSION = YES;
				CLANG_WARN_RANGE_LOOP_ANALYSIS = YES;
				CLANG_WARN_STRICT_PROTOTYPES = YES;
				CLANG_WARN_SUSPICIOUS_MOVE = YES;
				CLANG_WARN_UNREACHABLE_CODE = YES;
				CLANG_WARN__DUPLICATE_METHOD_MATCH = YES;
				DEBUG_INFORMATION_FORMAT = dwarf;
				ENABLE_STRICT_OBJC_MSGSEND = YES;
				ENABLE_TESTABILITY = YES;
				GCC_C_LANGUAGE_STANDARD = c11;
				GCC_INLINES_ARE_PRIVATE_EXTERN = YES;
				GCC_MODEL_TUNING = G5;
				GCC_NO_COMMON_BLOCKS = YES;
				GCC_WARN_64_TO_32_BIT_CONVERSION = YES;
				GCC_WARN_ABOUT_RETURN_TYPE = YES;
				GCC_WARN_CHECK_SWITCH_STATEMENTS = YES;
				GCC_WARN_MISSING_PARENTHESES = YES;
				GCC_WARN_NON_VIRTUAL_DESTRUCTOR = YES;
				GCC_WARN_TYPECHECK_CALLS_TO_PRINTF = YES;
				GCC_WARN_UNDECLARED_SELECTOR = YES;
				GCC_WARN_UNINITIALIZED_AUTOS = YES;
				GCC_WARN_UNUSED_FUNCTION = YES;
				GCC_WARN_UNUSED_VARIABLE = YES;
				ONLY_ACTIVE_ARCH = YES;
				PRODUCT_NAME = "GregTrainer";
				WARNING_CFLAGS = "-Wreorder";
				ZERO_LINK = NO;
			};
			name = Debug;
		};
		B28B5A2FC9BEFA8E3DB12086 = {
			isa = XCBuildConfiguration;
			buildSettings = {
				ALWAYS_SEARCH_USER_PATHS = NO;
				CLANG_ENABLE_OBJC_WEAK = YES;
				CLANG_WARN_BLOCK_CAPTURE_AUTORELEASING = YES;
				CLANG_WARN_BOOL_CONVERSION = YES;
				CLANG_WARN_COMMA = YES;
				CLANG_WARN_CONSTANT_CONVERSION = YES;
				CLANG_WARN_DEPRECATED_OBJC_IMPLEMENTATIONS = YES;
				CLANG_WARN_EMPTY_BODY = YES;
				CLANG_WARN_ENUM_CONVERSION = YES;
				CLANG_WARN_INFINITE_RECURSION = YES;
				CLANG_WARN_INT_CONVERSION = YES;
				CLANG_WARN_NON_LITERAL_NULL_CONVERSION = YES;
				CLANG_WARN_OBJC_IMPLICIT_RETAIN_SELF = YES;
				CLANG_WARN_OBJC_LITERAL_CONVERSION = YES;
				CLANG_WARN_RANGE_LOOP_ANALYSIS = YES;
				CLANG_WARN_STRICT_PROTOTYPES = YES;
				CLANG_WARN_SUSPICIOUS_MOVE = YES;
				CLANG_WARN_UNREACHABLE_CODE = YES;
				CLANG_WARN__DUPLICATE_METHOD_MATCH = YES;
				DEBUG_INFORMATION_FORMAT = dwarf;
				ENABLE_STRICT_OBJC_MSGSEND = YES;
				GCC_C_LANGUAGE_STANDARD = c11;
				GCC_INLINES_ARE_PRIVATE_EXTERN = YES;
				GCC_MODEL_TUNING = G5;
				GCC_NO_COMMON_BLOCKS = YES;
				GCC_WARN_64_TO_32_BIT_CONVERSION = YES;
				GCC_WARN_ABOUT_RETURN_TYPE = YES;
				GCC_WARN_CHECK_SWITCH_STATEMENTS = YES;
				GCC_WARN_MISSING_PARENTHESES = YES;
				GCC_WARN_NON_VIRTUAL_DESTRUCTOR = YES;
				GCC_WARN_TYPECHECK_CALLS_TO_PRINTF = YES;
				GCC_WARN_UNDECLARED_SELECTOR = YES;
				GCC_WARN_UNINITIALIZED_AUTOS = YES;
				GCC_WARN_UNUSED_FUNCTION = YES;
				GCC_WARN_UNUSED_VARIABLE = YES;
				PRODUCT_NAME = "GregTrainer";
				WARNING_CFLAGS = "-Wreorder";
				ZERO_LINK = NO;
			};
			name = Release;
		};
		1B185E062514A4E77F5E16A5 = {
			isa = PBXTargetDependency;
			target = 5894E73C4B8CA1E9FD792A29;
		};
		82D6F7C0820C965D205C2E3F = {
			isa = XCConfigurationList;
			buildConfigurations = (
				976B74720BDCCF2C72B83682,
				B28B5A2FC9BEFA8E3DB12086,
			);
			defaultConfigurationIsVisible = 0;
			defaultConfigurationName = Debug;
		};
		D5359939F2E91707D8368F2E = {
			isa = XCConfigurationList;
			buildConfigurations = (
				4F06361CEA44432699FD60F5,
				5EF9A2601C2C103DAEFD3923,
			);
			defaultConfigurationIsVisible = 0;
			defaultConfigurationName = Debug;
		};
		73AAE08202A5B3117D6C6D81 = {
			isa = PBXResourcesBuildPhase;
			buildActionMask = 2147483647;
			files = (
				404F31B6BB45969E9149238F,
			);
			runOnlyForDeploymentPostprocessing = 0;
		};
		D660E065F0702C2155F53F4E = {
			isa = PBXSourcesBuildPhase;
			buildActionMask = 2147483647;
			files = (
				C67EF921CD491E279B01A851,
				F8D113335DAEEA0E3A1157E2,
				A39D4F6E9CA164C367D3F87F,
				6BE04217B68041728A7A3331,
				8D346255C498547631021FC6,
				C12EC3D017CF459D553090CB,
				8F2247C19B6F093F90B863E3,
				EFB8349605CC79DF2E56838F,
				43C0AAAC7C4CEBEF344CA9D7,
				5BACF8D44FAFCCBF562EDF5C,
				241634D345D3FCE19AF5B23C,
				DEE5BA2D293D778CBCBDD9E2,
				CBEC97078F332812CBF7EB3F,
				290795246EEFABF513965E13,
				F25F2A31E869F5EEA35BBF2C,
			);
			runOnlyForDeploymentPostprocessing = 0;
		};
		EA802C5704675C89CD750E5C = {
			isa = PBXFrameworksBuildPhase;
			buildActionMask = 2147483647;
			files = (
				14787EA534B609F83207A6D0,
				D67CB4219D0A6AEEE15AD81F,
				02E96879988EDBE56215B1CD,
				202FAEEF5606506D734C05BE,
				A945A8C5E7E02730E195C86F,
				5458C15F56233FEEE470C9BF,
				5A32CD87671716774D886560,
				5E266B49B8B846D11EE94810,
				90CC4E367755D0A077BC61A3,
				70EC41945AC2F082EA78F178,
				7B99BC4396D33DF2B9BFBEE2,
				21822DB79A8D3745CE8FE48E,
			);
			runOnlyForDeploymentPostprocessing = 0;
		};
		5894E73C4B8CA1E9FD792A29 = {
			isa = PBXNativeTarget;
			buildConfigurationList = D5359939F2E91707D8368F2E;
			buildPhases = (
				73AAE08202A5B3117D6C6D81,
				D660E065F0702C2155F53F4E,
				EA802C5704675C89CD750E5C,
			);
			buildRules = ( );
			dependencies = ( );
			name = "GregTrainer - App";
			productName = GregTrainer;
			productReference = 7733C740A259BFF53A9889A1;
			productType = "com.apple.product-type.application";
		};
		0A4FABD5AB34CF836A859D82 = {
			isa = PBXProject;
			buildConfigurationList = 82D6F7C0820C965D205C2E3F;
			attributes = { LastUpgradeCheck = 1100; ORGANIZATIONNAME = ""; TargetAttributes = { 5894E73C4B8CA1E9FD792A29 = { SystemCapabilities = {com.apple.ApplicationGroups.iOS = { enabled = 0; }; com.apple.InAppPurchase = { enabled = 0; }; com.apple.InterAppAudio = { enabled = 0; }; com.apple.Push = { enabled = 0; }; com.apple.Sandbox = { enabled = 0; }; com.apple.HardenedRuntime = { enabled = 0; }; }; }; }; };
			compatibilityVersion = "Xcode 3.2";
			hasScannedForEncodings = 0;
			mainGroup = 0ADA1F2564E26AABBE6F37AE;
			projectDirPath = "";
			projectRoot = "";
			targets = (5894E73C4B8CA1E9FD792A29);
			knownRegions = (en, Base);
		};
	};
	rootObject = 0A4FABD5AB34CF836A859D82;
}
